
Microsoft Visual Studio Solution File, Format Version 12.00
# Visual Studio Version 16
VisualStudioVersion = 16.0.29001.49
MinimumVisualStudioVersion = 10.0.40219.1
Project("{FAE04EC0-301F-11D3-BF4B-00C04F79EFBC}") = "AppleTimer", "AppleTimer\AppleTimer.csproj", "{26732D46-33C5-4812-9E75-1068826F60FD}"
EndProject
Project("{FAE04EC0-301F-11D3-BF4B-00C04F79EFBC}") = "DbProject", "DbProject\DbProject.csproj", "{1F195594-DFE3-4515-83F9-CC43C2BF3B29}"
EndProject
Project("{FAE04EC0-301F-11D3-BF4B-00C04F79EFBC}") = "DbModels", "DbModels\DbModels.csproj", "{3AAED2BC-B099-4B29-B33B-801F38ABAF15}"
EndProject
Project("{FAE04EC0-301F-11D3-BF4B-00C04F79EFBC}") = "Managers", "Managers\Managers.csproj", "{D3AA5B1A-663E-49B9-A9AB-CC8A2C30A929}"
EndProject
Global
	GlobalSection(SolutionConfigurationPlatforms) = preSolution
		Debug|Any CPU = Debug|Any CPU
		Release|Any CPU = Release|Any CPU
	EndGlobalSection
	GlobalSection(ProjectConfigurationPlatforms) = postSolution
		{26732D46-33C5-4812-9E75-1068826F60FD}.Debug|Any CPU.ActiveCfg = Debug|Any CPU
		{26732D46-33C5-4812-9E75-1068826F60FD}.Debug|Any CPU.Build.0 = Debug|Any CPU
		{26732D46-33C5-4812-9E75-1068826F60FD}.Release|Any CPU.ActiveCfg = Release|Any CPU
		{26732D46-33C5-4812-9E75-1068826F60FD}.Release|Any CPU.Build.0 = Release|Any CPU
		{1F195594-DFE3-4515-83F9-CC43C2BF3B29}.Debug|Any CPU.ActiveCfg = Debug|Any CPU
		{1F195594-DFE3-4515-83F9-CC43C2BF3B29}.Debug|Any CPU.Build.0 = Debug|Any CPU
		{1F195594-DFE3-4515-83F9-CC43C2BF3B29}.Release|Any CPU.ActiveCfg = Release|Any CPU
		{1F195594-DFE3-4515-83F9-CC43C2BF3B29}.Release|Any CPU.Build.0 = Release|Any CPU
		{3AAED2BC-B099-4B29-B33B-801F38ABAF15}.Debug|Any CPU.ActiveCfg = Debug|Any CPU
		{3AAED2BC-B099-4B29-B33B-801F38ABAF15}.Debug|Any CPU.Build.0 = Debug|Any CPU
		{3AAED2BC-B099-4B29-B33B-801F38ABAF15}.Release|Any CPU.ActiveCfg = Release|Any CPU
		{3AAED2BC-B099-4B29-B33B-801F38ABAF15}.Release|Any CPU.Build.0 = Release|Any CPU
		{D3AA5B1A-663E-49B9-A9AB-CC8A2C30A929}.Debug|Any CPU.ActiveCfg = Debug|Any CPU
		{D3AA5B1A-663E-49B9-A9AB-CC8A2C30A929}.Debug|Any CPU.Build.0 = Debug|Any CPU
		{D3AA5B1A-663E-49B9-A9AB-CC8A2C30A929}.Release|Any CPU.ActiveCfg = Release|Any CPU
		{D3AA5B1A-663E-49B9-A9AB-CC8A2C30A929}.Release|Any CPU.Build.0 = Release|Any CPU
	EndGlobalSection
	GlobalSection(SolutionProperties) = preSolution
		HideSolutionNode = FALSE
	EndGlobalSection
	GlobalSection(ExtensibilityGlobals) = postSolution
		SolutionGuid = {3387DAAF-AFCE-4189-B857-1DC9DD9DAC66}
	EndGlobalSection
EndGlobal
